# @generated - this file is auto-generated by `mise lock` https://mise.jdx.dev/dev-tools/mise-lock.html

[[tools.claude]]
version = "2.1.223"
backend = "aqua:anthropics/claude-code"

[tools.claude."platforms.linux-arm64"]
url = "https://storage.googleapis.com/claude-code-dist-86c565f3-f756-42ad-8dfa-d59b1c096819/claude-code-releases/2.1.223/linux-arm64/claude"

[tools.claude."platforms.linux-arm64-musl"]
url = "https://storage.googleapis.com/claude-code-dist-86c565f3-f756-42ad-8dfa-d59b1c096819/claude-code-releases/2.1.223/linux-arm64-musl/claude"

[tools.claude."platforms.linux-x64"]
url = "https://storage.googleapis.com/claude-code-dist-86c565f3-f756-42ad-8dfa-d59b1c096819/claude-code-releases/2.1.223/linux-x64/claude"

[tools.claude."platforms.linux-x64-musl"]
url = "https://storage.googleapis.com/claude-code-dist-86c565f3-f756-42ad-8dfa-d59b1c096819/claude-code-releases/2.1.223/linux-x64-musl/claude"

[tools.claude."platforms.macos-arm64"]
url = "https://storage.googleapis.com/claude-code-dist-86c565f3-f756-42ad-8dfa-d59b1c096819/claude-code-releases/2.1.223/darwin-arm64/claude"

[tools.claude."platforms.macos-x64"]
url = "https://storage.googleapis.com/claude-code-dist-86c565f3-f756-42ad-8dfa-d59b1c096819/claude-code-releases/2.1.223/darwin-x64/claude"

[[tools.jq]]
version = "1.8.1"
backend = "aqua:jqlang/jq"

[tools.jq."platforms.linux-arm64"]
checksum = "sha256:6bc62f25981328edd3cfcfe6fe51b073f2d7e7710d7ef7fcdac28d4e384fc3d4"
url = "https://github.com/jqlang/jq/releases/download/jq-1.8.1/jq-linux-arm64"
url_api = "https://api.github.com/repos/jqlang/jq/releases/assets/268981481"
provenance = "github-attestations"

[tools.jq."platforms.linux-arm64-musl"]
checksum = "sha256:6bc62f25981328edd3cfcfe6fe51b073f2d7e7710d7ef7fcdac28d4e384fc3d4"
url = "https://github.com/jqlang/jq/releases/download/jq-1.8.1/jq-linux-arm64"
url_api = "https://api.github.com/repos/jqlang/jq/releases/assets/268981481"
provenance = "github-attestations"

[tools.jq."platforms.linux-x64"]
checksum = "sha256:020468de7539ce70ef1bceaf7cde2e8c4f2ca6c3afb84642aabc5c97d9fc2a0d"
url = "https://github.com/jqlang/jq/releases/download/jq-1.8.1/jq-linux-amd64"
url_api = "https://api.github.com/repos/jqlang/jq/releases/assets/268981484"
provenance = "github-attestations"

[tools.jq."platforms.linux-x64-musl"]
checksum = "sha256:020468de7539ce70ef1bceaf7cde2e8c4f2ca6c3afb84642aabc5c97d9fc2a0d"
url = "https://github.com/jqlang/jq/releases/download/jq-1.8.1/jq-linux-amd64"
url_api = "https://api.github.com/repos/jqlang/jq/releases/assets/268981484"
provenance = "github-attestations"

[tools.jq."platforms.macos-arm64"]
checksum = "sha256:a9fe3ea2f86dfc72f6728417521ec9067b343277152b114f4e98d8cb0e263603"
url = "https://github.com/jqlang/jq/releases/download/jq-1.8.1/jq-macos-arm64"
url_api = "https://api.github.com/repos/jqlang/jq/releases/assets/268981506"
provenance = "github-attestations"

[tools.jq."platforms.macos-x64"]
checksum = "sha256:e80dbe0d2a2597e3c11c404f03337b981d74b4a8504b70586c354b7697a7c27f"
url = "https://github.com/jqlang/jq/releases/download/jq-1.8.1/jq-macos-amd64"
url_api = "https://api.github.com/repos/jqlang/jq/releases/assets/268981505"
provenance = "github-attestations"

[tools.jq."platforms.windows-x64"]
checksum = "sha256:23cb60a1354eed6bcc8d9b9735e8c7b388cd1fdcb75726b93bc299ef22dd9334"
url = "https://github.com/jqlang/jq/releases/download/jq-1.8.1/jq-windows-amd64.exe"
url_api = "https://api.github.com/repos/jqlang/jq/releases/assets/268981509"
provenance = "github-attestations"

[[tools.markdownlint-cli2]]
version = "0.23.0"
backend = "npm:markdownlint-cli2"

[[tools."npm:skills-ref"]]
version = "0.1.5"
backend = "npm:skills-ref"

[[tools.svu]]
version = "3.4.1"
backend = "aqua:caarlos0/svu"

[tools.svu."platforms.linux-arm64"]
checksum = "sha256:801f310be2f91df86868a2de1f61fefaf06e3eb773431be7dde9765ecde4d21c"
url = "https://github.com/caarlos0/svu/releases/download/v3.4.1/svu_3.4.1_linux_arm64.tar.gz"
url_api = "https://api.github.com/repos/caarlos0/svu/releases/assets/410001856"
provenance = "cosign"

[tools.svu."platforms.linux-arm64-musl"]
checksum = "sha256:801f310be2f91df86868a2de1f61fefaf06e3eb773431be7dde9765ecde4d21c"
url = "https://github.com/caarlos0/svu/releases/download/v3.4.1/svu_3.4.1_linux_arm64.tar.gz"
url_api = "https://api.github.com/repos/caarlos0/svu/releases/assets/410001856"
provenance = "cosign"

[tools.svu."platforms.linux-x64"]
checksum = "sha256:7ee8c91998c15109130638dc661a912d5f426e2f8642f6f6c04e6502be920770"
url = "https://github.com/caarlos0/svu/releases/download/v3.4.1/svu_3.4.1_linux_amd64.tar.gz"
url_api = "https://api.github.com/repos/caarlos0/svu/releases/assets/410001859"
provenance = "cosign"

[tools.svu."platforms.linux-x64-musl"]
checksum = "sha256:7ee8c91998c15109130638dc661a912d5f426e2f8642f6f6c04e6502be920770"
url = "https://github.com/caarlos0/svu/releases/download/v3.4.1/svu_3.4.1_linux_amd64.tar.gz"
url_api = "https://api.github.com/repos/caarlos0/svu/releases/assets/410001859"
provenance = "cosign"

[tools.svu."platforms.macos-arm64"]
checksum = "sha256:aeec0a735f12d6313c5b4f295ac2f86e00b56571d241abe5aa0306b41f43efd7"
url = "https://github.com/caarlos0/svu/releases/download/v3.4.1/svu_3.4.1_darwin_all.tar.gz"
url_api = "https://api.github.com/repos/caarlos0/svu/releases/assets/410001878"
provenance = "cosign"

[tools.svu."platforms.macos-x64"]
checksum = "sha256:aeec0a735f12d6313c5b4f295ac2f86e00b56571d241abe5aa0306b41f43efd7"
url = "https://github.com/caarlos0/svu/releases/download/v3.4.1/svu_3.4.1_darwin_all.tar.gz"
url_api = "https://api.github.com/repos/caarlos0/svu/releases/assets/410001878"
provenance = "cosign"

[tools.svu."platforms.windows-x64"]
checksum = "sha256:7f8d17beb8fbe4a5c6e232072e93a71c8338173dafd95eda898bd1838d12b14e"
url = "https://github.com/caarlos0/svu/releases/download/v3.4.1/svu_3.4.1_windows_amd64.zip"
url_api = "https://api.github.com/repos/caarlos0/svu/releases/assets/410001860"
provenance = "cosign"
